
Microsoft Visual Studio Solution File, Format Version 12.00
# Visual Studio Version 16
VisualStudioVersion = 16.0.31410.357
MinimumVisualStudioVersion = 10.0.40219.1
Project("{FAE04EC0-301F-11D3-BF4B-00C04F79EFBC}") = "Classes", "Classes\Classes.csproj", "{2A7E7E08-F4F8-43D2-8FBA-D69FA2CE910E}"
EndProject
Global
	GlobalSection(SolutionConfigurationPlatforms) = preSolution
		Debug|Any CPU = Debug|Any CPU
		Release|Any CPU = Release|Any CPU
	EndGlobalSection
	GlobalSection(ProjectConfigurationPlatforms) = postSolution
		{2A7E7E08-F4F8-43D2-8FBA-D69FA2CE910E}.Debug|Any CPU.ActiveCfg = Debug|Any CPU
		{2A7E7E08-F4F8-43D2-8FBA-D69FA2CE910E}.Debug|Any CPU.Build.0 = Debug|Any CPU
		{2A7E7E08-F4F8-43D2-8FBA-D69FA2CE910E}.Release|Any CPU.ActiveCfg = Release|Any CPU
		{2A7E7E08-F4F8-43D2-8FBA-D69FA2CE910E}.Release|Any CPU.Build.0 = Release|Any CPU
	EndGlobalSection
	GlobalSection(SolutionProperties) = preSolution
		HideSolutionNode = FALSE
	EndGlobalSection
	GlobalSection(ExtensibilityGlobals) = postSolution
		SolutionGuid = {C3F094D2-9F02-4722-A597-74D1946F63E0}
	EndGlobalSection
EndGlobal
